
Microsoft Visual Studio Solution File, Format Version 12.00
# Visual Studio 15
VisualStudioVersion = 15.0.28307.106
MinimumVisualStudioVersion = 10.0.40219.1
Project("{FAE04EC0-301F-11D3-BF4B-00C04F79EFBC}") = "ASPNet_SignalR", "ASPNet_SignalR\ASPNet_SignalR.csproj", "{DA716D28-2B6C-437F-9C4D-347CE79E32D0}"
EndProject
Global
	GlobalSection(SolutionConfigurationPlatforms) = preSolution
		Debug|Any CPU = Debug|Any CPU
		Release|Any CPU = Release|Any CPU
	EndGlobalSection
	GlobalSection(ProjectConfigurationPlatforms) = postSolution
		{DA716D28-2B6C-437F-9C4D-347CE79E32D0}.Debug|Any CPU.ActiveCfg = Debug|Any CPU
		{DA716D28-2B6C-437F-9C4D-347CE79E32D0}.Debug|Any CPU.Build.0 = Debug|Any CPU
		{DA716D28-2B6C-437F-9C4D-347CE79E32D0}.Release|Any CPU.ActiveCfg = Release|Any CPU
		{DA716D28-2B6C-437F-9C4D-347CE79E32D0}.Release|Any CPU.Build.0 = Release|Any CPU
	EndGlobalSection
	GlobalSection(SolutionProperties) = preSolution
		HideSolutionNode = FALSE
	EndGlobalSection
	GlobalSection(ExtensibilityGlobals) = postSolution
		SolutionGuid = {CCC5C01F-376D-4409-98B0-57CDE7399B96}
	EndGlobalSection
EndGlobal
